
Microsoft Visual Studio Solution File, Format Version 12.00
# Visual Studio 15
VisualStudioVersion = 15.0.28307.1321
MinimumVisualStudioVersion = 10.0.40219.1
Project("{FAE04EC0-301F-11D3-BF4B-00C04F79EFBC}") = "DesktopFacebook", "WindowsFormsApp1\DesktopFacebook.csproj", "{8427E908-8CBB-4D37-A7FB-1DB4784F5CAF}"
EndProject
Global
	GlobalSection(SolutionConfigurationPlatforms) = preSolution
		Debug|Any CPU = Debug|Any CPU
		Release|Any CPU = Release|Any CPU
	EndGlobalSection
	GlobalSection(ProjectConfigurationPlatforms) = postSolution
		{8427E908-8CBB-4D37-A7FB-1DB4784F5CAF}.Debug|Any CPU.ActiveCfg = Debug|Any CPU
		{8427E908-8CBB-4D37-A7FB-1DB4784F5CAF}.Debug|Any CPU.Build.0 = Debug|Any CPU
		{8427E908-8CBB-4D37-A7FB-1DB4784F5CAF}.Release|Any CPU.ActiveCfg = Release|Any CPU
		{8427E908-8CBB-4D37-A7FB-1DB4784F5CAF}.Release|Any CPU.Build.0 = Release|Any CPU
	EndGlobalSection
	GlobalSection(SolutionProperties) = preSolution
		HideSolutionNode = FALSE
	EndGlobalSection
	GlobalSection(ExtensibilityGlobals) = postSolution
		SolutionGuid = {111FB244-A968-457A-9243-E1A35A1A7A2E}
	EndGlobalSection
EndGlobal
